
Microsoft Visual Studio Solution File, Format Version 12.00
# Visual Studio Version 16
VisualStudioVersion = 16.0.29411.108
MinimumVisualStudioVersion = 10.0.40219.1
Project("{9A19103F-16F7-4668-BE54-9A1E7A4F7556}") = "Future.Web", "Future.Web\Future.Web.csproj", "{30BE0AD9-CA47-4AB4-9E93-2D1336D67508}"
EndProject
Project("{9A19103F-16F7-4668-BE54-9A1E7A4F7556}") = "Future.Service", "Future.Service\Future.Service.csproj", "{5D9D2F6B-686B-431A-B668-138F9F71F210}"
EndProject
Project("{9A19103F-16F7-4668-BE54-9A1E7A4F7556}") = "Future.Repository", "Future.Repository\Future.Repository.csproj", "{2E32305A-C589-4FBE-87BA-A55ABB1801F0}"
EndProject
Project("{9A19103F-16F7-4668-BE54-9A1E7A4F7556}") = "Future.Utility", "Future.Utility\Future.Utility.csproj", "{54C44F43-D242-43A3-B339-2473BEC7F48C}"
EndProject
Project("{9A19103F-16F7-4668-BE54-9A1E7A4F7556}") = "Future.Model", "Future.Model\Future.Model.csproj", "{1E7F0CDA-5F93-481B-B660-483C71DB6389}"
EndProject
Project("{9A19103F-16F7-4668-BE54-9A1E7A4F7556}") = "Infrastructure", "Infrastructure\Infrastructure.csproj", "{1A9837D8-E42F-48E7-94AE-B1719FF947E9}"
EndProject
Project("{9A19103F-16F7-4668-BE54-9A1E7A4F7556}") = "Future.TodayApi", "Future.TodayApi\Future.TodayApi.csproj", "{CE4658F3-CF18-4224-926A-E1DC2BBBDA97}"
EndProject
Project("{2150E333-8FDC-42A3-9474-1A3956D46DE8}") = "FutureBase", "FutureBase", "{38C319B2-F5D3-43FE-8988-1F2BFA626035}"
EndProject
Project("{2150E333-8FDC-42A3-9474-1A3956D46DE8}") = "ApiCenter", "ApiCenter", "{FFAD4C92-BD30-4806-8BD0-5836E141C5F8}"
EndProject
Project("{9A19103F-16F7-4668-BE54-9A1E7A4F7556}") = "Future.CommonApi", "Future.CommonApi\Future.CommonApi.csproj", "{2A7F420C-1D0F-4DE7-9797-57A7B4A6F8D6}"
EndProject
Project("{9A19103F-16F7-4668-BE54-9A1E7A4F7556}") = "Future.SignalR", "Future.SignalR\Future.SignalR.csproj", "{F1BB35D0-E15D-40AA-8D20-FB5467E70D74}"
EndProject
Project("{9A19103F-16F7-4668-BE54-9A1E7A4F7556}") = "Future.CommonBiz", "Future.CommonBiz\Future.CommonBiz.csproj", "{DCDE5A91-BF78-489D-9F20-CEA9B2DB9079}"
EndProject
Global
	GlobalSection(SolutionConfigurationPlatforms) = preSolution
		Debug|Any CPU = Debug|Any CPU
		Release|Any CPU = Release|Any CPU
	EndGlobalSection
	GlobalSection(ProjectConfigurationPlatforms) = postSolution
		{30BE0AD9-CA47-4AB4-9E93-2D1336D67508}.Debug|Any CPU.ActiveCfg = Debug|Any CPU
		{30BE0AD9-CA47-4AB4-9E93-2D1336D67508}.Debug|Any CPU.Build.0 = Debug|Any CPU
		{30BE0AD9-CA47-4AB4-9E93-2D1336D67508}.Release|Any CPU.ActiveCfg = Release|Any CPU
		{30BE0AD9-CA47-4AB4-9E93-2D1336D67508}.Release|Any CPU.Build.0 = Release|Any CPU
		{5D9D2F6B-686B-431A-B668-138F9F71F210}.Debug|Any CPU.ActiveCfg = Debug|Any CPU
		{5D9D2F6B-686B-431A-B668-138F9F71F210}.Debug|Any CPU.Build.0 = Debug|Any CPU
		{5D9D2F6B-686B-431A-B668-138F9F71F210}.Release|Any CPU.ActiveCfg = Release|Any CPU
		{5D9D2F6B-686B-431A-B668-138F9F71F210}.Release|Any CPU.Build.0 = Release|Any CPU
		{2E32305A-C589-4FBE-87BA-A55ABB1801F0}.Debug|Any CPU.ActiveCfg = Debug|Any CPU
		{2E32305A-C589-4FBE-87BA-A55ABB1801F0}.Debug|Any CPU.Build.0 = Debug|Any CPU
		{2E32305A-C589-4FBE-87BA-A55ABB1801F0}.Release|Any CPU.ActiveCfg = Release|Any CPU
		{2E32305A-C589-4FBE-87BA-A55ABB1801F0}.Release|Any CPU.Build.0 = Release|Any CPU
		{54C44F43-D242-43A3-B339-2473BEC7F48C}.Debug|Any CPU.ActiveCfg = Debug|Any CPU
		{54C44F43-D242-43A3-B339-2473BEC7F48C}.Debug|Any CPU.Build.0 = Debug|Any CPU
		{54C44F43-D242-43A3-B339-2473BEC7F48C}.Release|Any CPU.ActiveCfg = Release|Any CPU
		{54C44F43-D242-43A3-B339-2473BEC7F48C}.Release|Any CPU.Build.0 = Release|Any CPU
		{1E7F0CDA-5F93-481B-B660-483C71DB6389}.Debug|Any CPU.ActiveCfg = Debug|Any CPU
		{1E7F0CDA-5F93-481B-B660-483C71DB6389}.Debug|Any CPU.Build.0 = Debug|Any CPU
		{1E7F0CDA-5F93-481B-B660-483C71DB6389}.Release|Any CPU.ActiveCfg = Release|Any CPU
		{1E7F0CDA-5F93-481B-B660-483C71DB6389}.Release|Any CPU.Build.0 = Release|Any CPU
		{1A9837D8-E42F-48E7-94AE-B1719FF947E9}.Debug|Any CPU.ActiveCfg = Debug|Any CPU
		{1A9837D8-E42F-48E7-94AE-B1719FF947E9}.Debug|Any CPU.Build.0 = Debug|Any CPU
		{1A9837D8-E42F-48E7-94AE-B1719FF947E9}.Release|Any CPU.ActiveCfg = Release|Any CPU
		{1A9837D8-E42F-48E7-94AE-B1719FF947E9}.Release|Any CPU.Build.0 = Release|Any CPU
		{CE4658F3-CF18-4224-926A-E1DC2BBBDA97}.Debug|Any CPU.ActiveCfg = Debug|Any CPU
		{CE4658F3-CF18-4224-926A-E1DC2BBBDA97}.Debug|Any CPU.Build.0 = Debug|Any CPU
		{CE4658F3-CF18-4224-926A-E1DC2BBBDA97}.Release|Any CPU.ActiveCfg = Release|Any CPU
		{CE4658F3-CF18-4224-926A-E1DC2BBBDA97}.Release|Any CPU.Build.0 = Release|Any CPU
		{2A7F420C-1D0F-4DE7-9797-57A7B4A6F8D6}.Debug|Any CPU.ActiveCfg = Debug|Any CPU
		{2A7F420C-1D0F-4DE7-9797-57A7B4A6F8D6}.Debug|Any CPU.Build.0 = Debug|Any CPU
		{2A7F420C-1D0F-4DE7-9797-57A7B4A6F8D6}.Release|Any CPU.ActiveCfg = Release|Any CPU
		{2A7F420C-1D0F-4DE7-9797-57A7B4A6F8D6}.Release|Any CPU.Build.0 = Release|Any CPU
		{F1BB35D0-E15D-40AA-8D20-FB5467E70D74}.Debug|Any CPU.ActiveCfg = Debug|Any CPU
		{F1BB35D0-E15D-40AA-8D20-FB5467E70D74}.Debug|Any CPU.Build.0 = Debug|Any CPU
		{F1BB35D0-E15D-40AA-8D20-FB5467E70D74}.Release|Any CPU.ActiveCfg = Release|Any CPU
		{F1BB35D0-E15D-40AA-8D20-FB5467E70D74}.Release|Any CPU.Build.0 = Release|Any CPU
		{DCDE5A91-BF78-489D-9F20-CEA9B2DB9079}.Debug|Any CPU.ActiveCfg = Debug|Any CPU
		{DCDE5A91-BF78-489D-9F20-CEA9B2DB9079}.Debug|Any CPU.Build.0 = Debug|Any CPU
		{DCDE5A91-BF78-489D-9F20-CEA9B2DB9079}.Release|Any CPU.ActiveCfg = Release|Any CPU
		{DCDE5A91-BF78-489D-9F20-CEA9B2DB9079}.Release|Any CPU.Build.0 = Release|Any CPU
	EndGlobalSection
	GlobalSection(SolutionProperties) = preSolution
		HideSolutionNode = FALSE
	EndGlobalSection
	GlobalSection(NestedProjects) = preSolution
		{30BE0AD9-CA47-4AB4-9E93-2D1336D67508} = {FFAD4C92-BD30-4806-8BD0-5836E141C5F8}
		{5D9D2F6B-686B-431A-B668-138F9F71F210} = {38C319B2-F5D3-43FE-8988-1F2BFA626035}
		{2E32305A-C589-4FBE-87BA-A55ABB1801F0} = {38C319B2-F5D3-43FE-8988-1F2BFA626035}
		{54C44F43-D242-43A3-B339-2473BEC7F48C} = {38C319B2-F5D3-43FE-8988-1F2BFA626035}
		{1E7F0CDA-5F93-481B-B660-483C71DB6389} = {38C319B2-F5D3-43FE-8988-1F2BFA626035}
		{1A9837D8-E42F-48E7-94AE-B1719FF947E9} = {38C319B2-F5D3-43FE-8988-1F2BFA626035}
		{CE4658F3-CF18-4224-926A-E1DC2BBBDA97} = {FFAD4C92-BD30-4806-8BD0-5836E141C5F8}
		{2A7F420C-1D0F-4DE7-9797-57A7B4A6F8D6} = {FFAD4C92-BD30-4806-8BD0-5836E141C5F8}
		{F1BB35D0-E15D-40AA-8D20-FB5467E70D74} = {FFAD4C92-BD30-4806-8BD0-5836E141C5F8}
		{DCDE5A91-BF78-489D-9F20-CEA9B2DB9079} = {38C319B2-F5D3-43FE-8988-1F2BFA626035}
	EndGlobalSection
	GlobalSection(ExtensibilityGlobals) = postSolution
		SolutionGuid = {9E53F994-61C6-4C2E-A4B9-6ADD274D4AB9}
	EndGlobalSection
EndGlobal
